// !$*UTF8*$!
{
	archiveVersion = 1;
	classes = {
	};
	objectVersion = 46;
	objects = {

/* Begin PBXBuildFile section */
		6EADA93A1D33BCC7009C6EAF /* main.m in Sources */ = {isa = PBXBuildFile; fileRef = 6EADA9391D33BCC7009C6EAF /* main.m */; };
		6EADA93D1D33BCC7009C6EAF /* AppDelegate.m in Sources */ = {isa = PBXBuildFile; fileRef = 6EADA93C1D33BCC7009C6EAF /* AppDelegate.m */; };
		6EADA9401D33BCC7009C6EAF /* ViewController.m in Sources */ = {isa = PBXBuildFile; fileRef = 6EADA93F1D33BCC7009C6EAF /* ViewController.m */; };
		6EADA9431D33BCC7009C6EAF /* Main.storyboard in Resources */ = {isa = PBXBuildFile; fileRef = 6EADA9411D33BCC7009C6EAF /* Main.storyboard */; };
		6EADA9451D33BCC7009C6EAF /* Assets.xcassets in Resources */ = {isa = PBXBuildFile; fileRef = 6EADA9441D33BCC7009C6EAF /* Assets.xcassets */; };
		6EADA9481D33BCC7009C6EAF /* LaunchScreen.storyboard in Resources */ = {isa = PBXBuildFile; fileRef = 6EADA9461D33BCC7009C6EAF /* LaunchScreen.storyboard */; };
		6EADA9531D33BCC7009C6EAF /* Realm_RLMLinkingObjectsTests.m in Sources */ = {isa = PBXBuildFile; fileRef = 6EADA9521D33BCC7009C6EAF /* Realm_RLMLinkingObjectsTests.m */; };
/* End PBXBuildFile section */

/* Begin PBXContainerItemProxy section */
		6EADA94F1D33BCC7009C6EAF /* PBXContainerItemProxy */ = {
			isa = PBXContainerItemProxy;
			containerPortal = 6EADA92D1D33BCC7009C6EAF /* Project object */;
			proxyType = 1;
			remoteGlobalIDString = 6EADA9341D33BCC7009C6EAF;
			remoteInfo = "Realm-RLMLinkingObjects";
		};
/* End PBXContainerItemProxy section */

/* Begin PBXFileReference section */
		6EADA9351D33BCC7009C6EAF /* Realm-RLMLinkingObjects.app */ = {isa = PBXFileReference; explicitFileType = wrapper.application; includeInIndex = 0; path = "Realm-RLMLinkingObjects.app"; sourceTree = BUILT_PRODUCTS_DIR; };
		6EADA9391D33BCC7009C6EAF /* main.m */ = {isa = PBXFileReference; lastKnownFileType = sourcecode.c.objc; path = main.m; sourceTree = "<group>"; };
		6EADA93B1D33BCC7009C6EAF /* AppDelegate.h */ = {isa = PBXFileReference; lastKnownFileType = sourcecode.c.h; path = AppDelegate.h; sourceTree = "<group>"; };
		6EADA93C1D33BCC7009C6EAF /* AppDelegate.m */ = {isa = PBXFileReference; lastKnownFileType = sourcecode.c.objc; path = AppDelegate.m; sourceTree = "<group>"; };
		6EADA93E1D33BCC7009C6EAF /* ViewController.h */ = {isa = PBXFileReference; lastKnownFileType = sourcecode.c.h; path = ViewController.h; sourceTree = "<group>"; };
		6EADA93F1D33BCC7009C6EAF /* ViewController.m */ = {isa = PBXFileReference; lastKnownFileType = sourcecode.c.objc; path = ViewController.m; sourceTree = "<group>"; };
		6EADA9421D33BCC7009C6EAF /* Base */ = {isa = PBXFileReference; lastKnownFileType = file.storyboard; name = Base; path = Base.lproj/Main.storyboard; sourceTree = "<group>"; };
		6EADA9441D33BCC7009C6EAF /* Assets.xcassets */ = {isa = PBXFileReference; lastKnownFileType = folder.assetcatalog; path = Assets.xcassets; sourceTree = "<group>"; };
		6EADA9471D33BCC7009C6EAF /* Base */ = {isa = PBXFileReference; lastKnownFileType = file.storyboard; name = Base; path = Base.lproj/LaunchScreen.storyboard; sourceTree = "<group>"; };
		6EADA9491D33BCC7009C6EAF /* Info.plist */ = {isa = PBXFileReference; lastKnownFileType = text.plist.xml; path = Info.plist; sourceTree = "<group>"; };
		6EADA94E1D33BCC7009C6EAF /* Realm-RLMLinkingObjectsTests.xctest */ = {isa = PBXFileReference; explicitFileType = wrapper.cfbundle; includeInIndex = 0; path = "Realm-RLMLinkingObjectsTests.xctest"; sourceTree = BUILT_PRODUCTS_DIR; };
		6EADA9521D33BCC7009C6EAF /* Realm_RLMLinkingObjectsTests.m */ = {isa = PBXFileReference; lastKnownFileType = sourcecode.c.objc; path = Realm_RLMLinkingObjectsTests.m; sourceTree = "<group>"; };
		6EADA9541D33BCC7009C6EAF /* Info.plist */ = {isa = PBXFileReference; lastKnownFileType = text.plist.xml; path = Info.plist; sourceTree = "<group>"; };
/* End PBXFileReference section */

/* Begin PBXFrameworksBuildPhase section */
		6EADA9321D33BCC7009C6EAF /* Frameworks */ = {
			isa = PBXFrameworksBuildPhase;
			buildActionMask = 2147483647;
			files = (
			);
			runOnlyForDeploymentPostprocessing = 0;
		};
		6EADA94B1D33BCC7009C6EAF /* Frameworks */ = {
			isa = PBXFrameworksBuildPhase;
			buildActionMask = 2147483647;
			files = (
			);
			runOnlyForDeploymentPostprocessing = 0;
		};
/* End PBXFrameworksBuildPhase section */

/* Begin PBXGroup section */
		6EADA92C1D33BCC7009C6EAF = {
			isa = PBXGroup;
			children = (
				6EADA9371D33BCC7009C6EAF /* Realm-RLMLinkingObjects */,
				6EADA9511D33BCC7009C6EAF /* Realm-RLMLinkingObjectsTests */,
				6EADA9361D33BCC7009C6EAF /* Products */,
			);
			sourceTree = "<group>";
		};
		6EADA9361D33BCC7009C6EAF /* Products */ = {
			isa = PBXGroup;
			children = (
				6EADA9351D33BCC7009C6EAF /* Realm-RLMLinkingObjects.app */,
				6EADA94E1D33BCC7009C6EAF /* Realm-RLMLinkingObjectsTests.xctest */,
			);
			name = Products;
			sourceTree = "<group>";
		};
		6EADA9371D33BCC7009C6EAF /* Realm-RLMLinkingObjects */ = {
			isa = PBXGroup;
			children = (
				6EADA93B1D33BCC7009C6EAF /* AppDelegate.h */,
				6EADA93C1D33BCC7009C6EAF /* AppDelegate.m */,
				6EADA93E1D33BCC7009C6EAF /* ViewController.h */,
				6EADA93F1D33BCC7009C6EAF /* ViewController.m */,
				6EADA9411D33BCC7009C6EAF /* Main.storyboard */,
				6EADA9441D33BCC7009C6EAF /* Assets.xcassets */,
				6EADA9461D33BCC7009C6EAF /* LaunchScreen.storyboard */,
				6EADA9491D33BCC7009C6EAF /* Info.plist */,
				6EADA9381D33BCC7009C6EAF /* Supporting Files */,
			);
			path = "Realm-RLMLinkingObjects";
			sourceTree = "<group>";
		};
		6EADA9381D33BCC7009C6EAF /* Supporting Files */ = {
			isa = PBXGroup;
			children = (
				6EADA9391D33BCC7009C6EAF /* main.m */,
			);
			name = "Supporting Files";
			sourceTree = "<group>";
		};
		6EADA9511D33BCC7009C6EAF /* Realm-RLMLinkingObjectsTests */ = {
			isa = PBXGroup;
			children = (
				6EADA9521D33BCC7009C6EAF /* Realm_RLMLinkingObjectsTests.m */,
				6EADA9541D33BCC7009C6EAF /* Info.plist */,
			);
			path = "Realm-RLMLinkingObjectsTests";
			sourceTree = "<group>";
		};
/* End PBXGroup section */

/* Begin PBXNativeTarget section */
		6EADA9341D33BCC7009C6EAF /* Realm-RLMLinkingObjects */ = {
			isa = PBXNativeTarget;
			buildConfigurationList = 6EADA9571D33BCC7009C6EAF /* Build configuration list for PBXNativeTarget "Realm-RLMLinkingObjects" */;
			buildPhases = (
				6EADA9311D33BCC7009C6EAF /* Sources */,
				6EADA9321D33BCC7009C6EAF /* Frameworks */,
				6EADA9331D33BCC7009C6EAF /* Resources */,
			);
			buildRules = (
			);
			dependencies = (
			);
			name = "Realm-RLMLinkingObjects";
			productName = "Realm-RLMLinkingObjects";
			productReference = 6EADA9351D33BCC7009C6EAF /* Realm-RLMLinkingObjects.app */;
			productType = "com.apple.product-type.application";
		};
		6EADA94D1D33BCC7009C6EAF /* Realm-RLMLinkingObjectsTests */ = {
			isa = PBXNativeTarget;
			buildConfigurationList = 6EADA95A1D33BCC7009C6EAF /* Build configuration list for PBXNativeTarget "Realm-RLMLinkingObjectsTests" */;
			buildPhases = (
				6EADA94A1D33BCC7009C6EAF /* Sources */,
				6EADA94B1D33BCC7009C6EAF /* Frameworks */,
				6EADA94C1D33BCC7009C6EAF /* Resources */,
			);
			buildRules = (
			);
			dependencies = (
				6EADA9501D33BCC7009C6EAF /* PBXTargetDependency */,
			);
			name = "Realm-RLMLinkingObjectsTests";
			productName = "Realm-RLMLinkingObjectsTests";
			productReference = 6EADA94E1D33BCC7009C6EAF /* Realm-RLMLinkingObjectsTests.xctest */;
			productType = "com.apple.product-type.bundle.unit-test";
		};
/* End PBXNativeTarget section */

/* Begin PBXProject section */
		6EADA92D1D33BCC7009C6EAF /* Project object */ = {
			isa = PBXProject;
			attributes = {
				LastUpgradeCheck = 0730;
				ORGANIZATIONNAME = "Viktoras Laukevičius";
				TargetAttributes = {
					6EADA9341D33BCC7009C6EAF = {
						CreatedOnToolsVersion = 7.3.1;
					};
					6EADA94D1D33BCC7009C6EAF = {
						CreatedOnToolsVersion = 7.3.1;
						TestTargetID = 6EADA9341D33BCC7009C6EAF;
					};
				};
			};
			buildConfigurationList = 6EADA9301D33BCC7009C6EAF /* Build configuration list for PBXProject "Realm-RLMLinkingObjects" */;
			compatibilityVersion = "Xcode 3.2";
			developmentRegion = English;
			hasScannedForEncodings = 0;
			knownRegions = (
				en,
				Base,
			);
			mainGroup = 6EADA92C1D33BCC7009C6EAF;
			productRefGroup = 6EADA9361D33BCC7009C6EAF /* Products */;
			projectDirPath = "";
			projectRoot = "";
			targets = (
				6EADA9341D33BCC7009C6EAF /* Realm-RLMLinkingObjects */,
				6EADA94D1D33BCC7009C6EAF /* Realm-RLMLinkingObjectsTests */,
			);
		};
/* End PBXProject section */

/* Begin PBXResourcesBuildPhase section */
		6EADA9331D33BCC7009C6EAF /* Resources */ = {
			isa = PBXResourcesBuildPhase;
			buildActionMask = 2147483647;
			files = (
				6EADA9481D33BCC7009C6EAF /* LaunchScreen.storyboard in Resources */,
				6EADA9451D33BCC7009C6EAF /* Assets.xcassets in Resources */,
				6EADA9431D33BCC7009C6EAF /* Main.storyboard in Resources */,
			);
			runOnlyForDeploymentPostprocessing = 0;
		};
		6EADA94C1D33BCC7009C6EAF /* Resources */ = {
			isa = PBXResourcesBuildPhase;
			buildActionMask = 2147483647;
			files = (
			);
			runOnlyForDeploymentPostprocessing = 0;
		};
/* End PBXResourcesBuildPhase section */

/* Begin PBXSourcesBuildPhase section */
		6EADA9311D33BCC7009C6EAF /* Sources */ = {
			isa = PBXSourcesBuildPhase;
			buildActionMask = 2147483647;
			files = (
				6EADA9401D33BCC7009C6EAF /* ViewController.m in Sources */,
				6EADA93D1D33BCC7009C6EAF /* AppDelegate.m in Sources */,
				6EADA93A1D33BCC7009C6EAF /* main.m in Sources */,
			);
			runOnlyForDeploymentPostprocessing = 0;
		};
		6EADA94A1D33BCC7009C6EAF /* Sources */ = {
			isa = PBXSourcesBuildPhase;
			buildActionMask = 2147483647;
			files = (
				6EADA9531D33BCC7009C6EAF /* Realm_RLMLinkingObjectsTests.m in Sources */,
			);
			runOnlyForDeploymentPostprocessing = 0;
		};
/* End PBXSourcesBuildPhase section */

/* Begin PBXTargetDependency section */
		6EADA9501D33BCC7009C6EAF /* PBXTargetDependency */ = {
			isa = PBXTargetDependency;
			target = 6EADA9341D33BCC7009C6EAF /* Realm-RLMLinkingObjects */;
			targetProxy = 6EADA94F1D33BCC7009C6EAF /* PBXContainerItemProxy */;
		};
/* End PBXTargetDependency section */

/* Begin PBXVariantGroup section */
		6EADA9411D33BCC7009C6EAF /* Main.storyboard */ = {
			isa = PBXVariantGroup;
			children = (
				6EADA9421D33BCC7009C6EAF /* Base */,
			);
			name = Main.storyboard;
			sourceTree = "<group>";
		};
		6EADA9461D33BCC7009C6EAF /* LaunchScreen.storyboard */ = {
			isa = PBXVariantGroup;
			children = (
				6EADA9471D33BCC7009C6EAF /* Base */,
			);
			name = LaunchScreen.storyboard;
			sourceTree = "<group>";
		};
/* End PBXVariantGroup section */

/* Begin XCBuildConfiguration section */
		6EADA9551D33BCC7009C6EAF /* Debug */ = {
			isa = XCBuildConfiguration;
			buildSettings = {
				ALWAYS_SEARCH_USER_PATHS = NO;
				CLANG_ANALYZER_NONNULL = YES;
				CLANG_CXX_LANGUAGE_STANDARD = "gnu++0x";
				CLANG_CXX_LIBRARY = "libc++";
				CLANG_ENABLE_MODULES = YES;
				CLANG_ENABLE_OBJC_ARC = YES;
				CLANG_WARN_BOOL_CONVERSION = YES;
				CLANG_WARN_CONSTANT_CONVERSION = YES;
				CLANG_WARN_DIRECT_OBJC_ISA_USAGE = YES_ERROR;
				CLANG_WARN_EMPTY_BODY = YES;
				CLANG_WARN_ENUM_CONVERSION = YES;
				CLANG_WARN_INT_CONVERSION = YES;
				CLANG_WARN_OBJC_ROOT_CLASS = YES_ERROR;
				CLANG_WARN_UNREACHABLE_CODE = YES;
				CLANG_WARN__DUPLICATE_METHOD_MATCH = YES;
				"CODE_SIGN_IDENTITY[sdk=iphoneos*]" = "iPhone Developer";
				COPY_PHASE_STRIP = NO;
				DEBUG_INFORMATION_FORMAT = dwarf;
				ENABLE_STRICT_OBJC_MSGSEND = YES;
				ENABLE_TESTABILITY = YES;
				GCC_C_LANGUAGE_STANDARD = gnu99;
				GCC_DYNAMIC_NO_PIC = NO;
				GCC_NO_COMMON_BLOCKS = YES;
				GCC_OPTIMIZATION_LEVEL = 0;
				GCC_PREPROCESSOR_DEFINITIONS = (
					"DEBUG=1",
					"$(inherited)",
				);
				GCC_WARN_64_TO_32_BIT_CONVERSION = YES;
				GCC_WARN_ABOUT_RETURN_TYPE = YES_ERROR;
				GCC_WARN_UNDECLARED_SELECTOR = YES;
				GCC_WARN_UNINITIALIZED_AUTOS = YES_AGGRESSIVE;
				GCC_WARN_UNUSED_FUNCTION = YES;
				GCC_WARN_UNUSED_VARIABLE = YES;
				IPHONEOS_DEPLOYMENT_TARGET = 9.3;
				MTL_ENABLE_DEBUG_INFO = YES;
				ONLY_ACTIVE_ARCH = YES;
				SDKROOT = iphoneos;
			};
			name = Debug;
		};
		6EADA9561D33BCC7009C6EAF /* Release */ = {
			isa = XCBuildConfiguration;
			buildSettings = {
				ALWAYS_SEARCH_USER_PATHS = NO;
				CLANG_ANALYZER_NONNULL = YES;
				CLANG_CXX_LANGUAGE_STANDARD = "gnu++0x";
				CLANG_CXX_LIBRARY = "libc++";
				CLANG_ENABLE_MODULES = YES;
				CLANG_ENABLE_OBJC_ARC = YES;
				CLANG_WARN_BOOL_CONVERSION = YES;
				CLANG_WARN_CONSTANT_CONVERSION = YES;
				CLANG_WARN_DIRECT_OBJC_ISA_USAGE = YES_ERROR;
				CLANG_WARN_EMPTY_BODY = YES;
				CLANG_WARN_ENUM_CONVERSION = YES;
				CLANG_WARN_INT_CONVERSION = YES;
				CLANG_WARN_OBJC_ROOT_CLASS = YES_ERROR;
				CLANG_WARN_UNREACHABLE_CODE = YES;
				CLANG_WARN__DUPLICATE_METHOD_MATCH = YES;
				"CODE_SIGN_IDENTITY[sdk=iphoneos*]" = "iPhone Developer";
				COPY_PHASE_STRIP = NO;
				DEBUG_INFORMATION_FORMAT = "dwarf-with-dsym";
				ENABLE_NS_ASSERTIONS = NO;
				ENABLE_STRICT_OBJC_MSGSEND = YES;
				GCC_C_LANGUAGE_STANDARD = gnu99;
				GCC_NO_COMMON_BLOCKS = YES;
				GCC_WARN_64_TO_32_BIT_CONVERSION = YES;
				GCC_WARN_ABOUT_RETURN_TYPE = YES_ERROR;
				GCC_WARN_UNDECLARED_SELECTOR = YES;
				GCC_WARN_UNINITIALIZED_AUTOS = YES_AGGRESSIVE;
				GCC_WARN_UNUSED_FUNCTION = YES;
				GCC_WARN_UNUSED_VARIABLE = YES;
				IPHONEOS_DEPLOYMENT_TARGET = 9.3;
				MTL_ENABLE_DEBUG_INFO = NO;
				SDKROOT = iphoneos;
				VALIDATE_PRODUCT = YES;
			};
			name = Release;
		};
		6EADA9581D33BCC7009C6EAF /* Debug */ = {
			isa = XCBuildConfiguration;
			buildSettings = {
				ASSETCATALOG_COMPILER_APPICON_NAME = AppIcon;
				INFOPLIST_FILE = "Realm-RLMLinkingObjects/Info.plist";
				LD_RUNPATH_SEARCH_PATHS = "$(inherited) @executable_path/Frameworks";
				PRODUCT_BUNDLE_IDENTIFIER = "vila.Realm-RLMLinkingObjects";
				PRODUCT_NAME = "$(TARGET_NAME)";
			};
			name = Debug;
		};
		6EADA9591D33BCC7009C6EAF /* Release */ = {
			isa = XCBuildConfiguration;
			buildSettings = {
				ASSETCATALOG_COMPILER_APPICON_NAME = AppIcon;
				INFOPLIST_FILE = "Realm-RLMLinkingObjects/Info.plist";
				LD_RUNPATH_SEARCH_PATHS = "$(inherited) @executable_path/Frameworks";
				PRODUCT_BUNDLE_IDENTIFIER = "vila.Realm-RLMLinkingObjects";
				PRODUCT_NAME = "$(TARGET_NAME)";
			};
			name = Release;
		};
		6EADA95B1D33BCC7009C6EAF /* Debug */ = {
			isa = XCBuildConfiguration;
			buildSettings = {
				BUNDLE_LOADER = "$(TEST_HOST)";
				INFOPLIST_FILE = "Realm-RLMLinkingObjectsTests/Info.plist";
				LD_RUNPATH_SEARCH_PATHS = "$(inherited) @executable_path/Frameworks @loader_path/Frameworks";
				PRODUCT_BUNDLE_IDENTIFIER = "vila.Realm-RLMLinkingObjectsTests";
				PRODUCT_NAME = "$(TARGET_NAME)";
				TEST_HOST = "$(BUILT_PRODUCTS_DIR)/Realm-RLMLinkingObjects.app/Realm-RLMLinkingObjects";
			};
			name = Debug;
		};
		6EADA95C1D33BCC7009C6EAF /* Release */ = {
			isa = XCBuildConfiguration;
			buildSettings = {
				BUNDLE_LOADER = "$(TEST_HOST)";
				INFOPLIST_FILE = "Realm-RLMLinkingObjectsTests/Info.plist";
				LD_RUNPATH_SEARCH_PATHS = "$(inherited) @executable_path/Frameworks @loader_path/Frameworks";
				PRODUCT_BUNDLE_IDENTIFIER = "vila.Realm-RLMLinkingObjectsTests";
				PRODUCT_NAME = "$(TARGET_NAME)";
				TEST_HOST = "$(BUILT_PRODUCTS_DIR)/Realm-RLMLinkingObjects.app/Realm-RLMLinkingObjects";
			};
			name = Release;
		};
/* End XCBuildConfiguration section */

/* Begin XCConfigurationList section */
		6EADA9301D33BCC7009C6EAF /* Build configuration list for PBXProject "Realm-RLMLinkingObjects" */ = {
			isa = XCConfigurationList;
			buildConfigurations = (
				6EADA9551D33BCC7009C6EAF /* Debug */,
				6EADA9561D33BCC7009C6EAF /* Release */,
			);
			defaultConfigurationIsVisible = 0;
			defaultConfigurationName = Release;
		};
		6EADA9571D33BCC7009C6EAF /* Build configuration list for PBXNativeTarget "Realm-RLMLinkingObjects" */ = {
			isa = XCConfigurationList;
			buildConfigurations = (
				6EADA9581D33BCC7009C6EAF /* Debug */,
				6EADA9591D33BCC7009C6EAF /* Release */,
			);
			defaultConfigurationIsVisible = 0;
		};
		6EADA95A1D33BCC7009C6EAF /* Build configuration list for PBXNativeTarget "Realm-RLMLinkingObjectsTests" */ = {
			isa = XCConfigurationList;
			buildConfigurations = (
				6EADA95B1D33BCC7009C6EAF /* Debug */,
				6EADA95C1D33BCC7009C6EAF /* Release */,
			);
			defaultConfigurationIsVisible = 0;
		};
/* End XCConfigurationList section */
	};
	rootObject = 6EADA92D1D33BCC7009C6EAF /* Project object */;
}
